
Microsoft Visual Studio Solution File, Format Version 12.00
# Visual Studio Version 17
VisualStudioVersion = 17.8.34316.72
MinimumVisualStudioVersion = 10.0.40219.1
Project("{9A19103F-16F7-4668-BE54-9A1E7A4F7556}") = "GestaoLeiteiraProjetoTCC", "GestaoLeiteiraProjetoTCC\GestaoLeiteiraProjetoTCC.csproj", "{53F8E9B5-2AF2-46B1-9BBA-6608F6FA2DDA}"
EndProject
Global
	GlobalSection(SolutionConfigurationPlatforms) = preSolution
		Debug|Any CPU = Debug|Any CPU
		Release|Any CPU = Release|Any CPU
	EndGlobalSection
	GlobalSection(ProjectConfigurationPlatforms) = postSolution
		{53F8E9B5-2AF2-46B1-9BBA-6608F6FA2DDA}.Debug|Any CPU.ActiveCfg = Debug|Any CPU
		{53F8E9B5-2AF2-46B1-9BBA-6608F6FA2DDA}.Debug|Any CPU.Build.0 = Debug|Any CPU
		{53F8E9B5-2AF2-46B1-9BBA-6608F6FA2DDA}.Debug|Any CPU.Deploy.0 = Debug|Any CPU
		{53F8E9B5-2AF2-46B1-9BBA-6608F6FA2DDA}.Release|Any CPU.ActiveCfg = Release|Any CPU
		{53F8E9B5-2AF2-46B1-9BBA-6608F6FA2DDA}.Release|Any CPU.Build.0 = Release|Any CPU
		{53F8E9B5-2AF2-46B1-9BBA-6608F6FA2DDA}.Release|Any CPU.Deploy.0 = Release|Any CPU
	EndGlobalSection
	GlobalSection(SolutionProperties) = preSolution
		HideSolutionNode = FALSE
	EndGlobalSection
	GlobalSection(ExtensibilityGlobals) = postSolution
		SolutionGuid = {23F0873E-A08B-478F-BB84-CC84FDA30EFA}
	EndGlobalSection
EndGlobal
